
Microsoft Visual Studio Solution File, Format Version 12.00
# Visual Studio Version 17
VisualStudioVersion = 17.5.002.0
MinimumVisualStudioVersion = 10.0.40219.1
Project("{2150E333-8FDC-42A3-9474-1A3956D46DE8}") = "src", "src", "{F08EAB1A-88A3-47AB-9816-6E6D9D9276E8}"
EndProject
Project("{9A19103F-16F7-4668-BE54-9A1E7A4F7556}") = "TextEditor", "src\TextEditor\TextEditor.csproj", "{31ACA454-8326-4685-B412-925159AAC662}"
EndProject
Global
	GlobalSection(SolutionConfigurationPlatforms) = preSolution
		Debug|Any CPU = Debug|Any CPU
		Release|Any CPU = Release|Any CPU
	EndGlobalSection
	GlobalSection(ProjectConfigurationPlatforms) = postSolution
		{31ACA454-8326-4685-B412-925159AAC662}.Debug|Any CPU.ActiveCfg = Debug|Any CPU
		{31ACA454-8326-4685-B412-925159AAC662}.Debug|Any CPU.Build.0 = Debug|Any CPU
		{31ACA454-8326-4685-B412-925159AAC662}.Release|Any CPU.ActiveCfg = Release|Any CPU
		{31ACA454-8326-4685-B412-925159AAC662}.Release|Any CPU.Build.0 = Release|Any CPU
	EndGlobalSection
	GlobalSection(SolutionProperties) = preSolution
		HideSolutionNode = FALSE
	EndGlobalSection
	GlobalSection(NestedProjects) = preSolution
		{31ACA454-8326-4685-B412-925159AAC662} = {F08EAB1A-88A3-47AB-9816-6E6D9D9276E8}
	EndGlobalSection
	GlobalSection(ExtensibilityGlobals) = postSolution
		SolutionGuid = {977669AC-38EC-4604-8462-BA5E6FB8431A}
	EndGlobalSection
EndGlobal
